
Microsoft Visual Studio Solution File, Format Version 11.00
# Visual Studio 2010
Project("{FAE04EC0-301F-11D3-BF4B-00C04F79EFBC}") = "Assembly-CSharp", "Assembly-CSharp.csproj", "{e244c486-c3ce-7c75-19d4-7f3f3fc493cd}"
EndProject
Project("{FAE04EC0-301F-11D3-BF4B-00C04F79EFBC}") = "Assembly-CSharp-Editor", "Assembly-CSharp-Editor.csproj", "{f562f1cc-3440-951a-bed1-30aa05189dd2}"
EndProject
Global
	GlobalSection(SolutionConfigurationPlatforms) = preSolution
		Debug|Any CPU = Debug|Any CPU
	EndGlobalSection
	GlobalSection(ProjectConfigurationPlatforms) = postSolution
		{e244c486-c3ce-7c75-19d4-7f3f3fc493cd}.Debug|Any CPU.ActiveCfg = Debug|Any CPU
		{e244c486-c3ce-7c75-19d4-7f3f3fc493cd}.Debug|Any CPU.Build.0 = Debug|Any CPU
		{f562f1cc-3440-951a-bed1-30aa05189dd2}.Debug|Any CPU.ActiveCfg = Debug|Any CPU
		{f562f1cc-3440-951a-bed1-30aa05189dd2}.Debug|Any CPU.Build.0 = Debug|Any CPU
	EndGlobalSection
	GlobalSection(SolutionProperties) = preSolution
		HideSolutionNode = FALSE
	EndGlobalSection
EndGlobal
